
Microsoft Visual Studio Solution File, Format Version 12.00
# Visual Studio Version 17
VisualStudioVersion = 17.5.33516.290
MinimumVisualStudioVersion = 10.0.40219.1
Project("{FAE04EC0-301F-11D3-BF4B-00C04F79EFBC}") = "WindowsFormsApp1", "WindowsFormsApp1\WindowsFormsApp1.csproj", "{2B223266-40F0-4A51-9E4D-5D20611B86AF}"
EndProject
Global
	GlobalSection(SolutionConfigurationPlatforms) = preSolution
		Debug|Any CPU = Debug|Any CPU
		Release|Any CPU = Release|Any CPU
	EndGlobalSection
	GlobalSection(ProjectConfigurationPlatforms) = postSolution
		{2B223266-40F0-4A51-9E4D-5D20611B86AF}.Debug|Any CPU.ActiveCfg = Debug|Any CPU
		{2B223266-40F0-4A51-9E4D-5D20611B86AF}.Debug|Any CPU.Build.0 = Debug|Any CPU
		{2B223266-40F0-4A51-9E4D-5D20611B86AF}.Release|Any CPU.ActiveCfg = Release|Any CPU
		{2B223266-40F0-4A51-9E4D-5D20611B86AF}.Release|Any CPU.Build.0 = Release|Any CPU
	EndGlobalSection
	GlobalSection(SolutionProperties) = preSolution
		HideSolutionNode = FALSE
	EndGlobalSection
	GlobalSection(ExtensibilityGlobals) = postSolution
		SolutionGuid = {7461E3E5-6BA0-4108-A095-91B3C1285AC8}
	EndGlobalSection
EndGlobal
